
Microsoft Visual Studio Solution File, Format Version 12.00
# Visual Studio Version 17
VisualStudioVersion = 17.10.35013.160
MinimumVisualStudioVersion = 10.0.40219.1
Project("{8BC9CEB8-8B4A-11D0-8D11-00A0C91BC942}") = "HerbManagementSystem", "HerbManagementSystem\HerbManagementSystem.vcxproj", "{403A82DA-2AEA-48DF-9FDA-0B90A39CAA2B}"
EndProject
Global
	GlobalSection(SolutionConfigurationPlatforms) = preSolution
		Debug|x64 = Debug|x64
		Debug|x86 = Debug|x86
		Release|x64 = Release|x64
		Release|x86 = Release|x86
	EndGlobalSection
	GlobalSection(ProjectConfigurationPlatforms) = postSolution
		{403A82DA-2AEA-48DF-9FDA-0B90A39CAA2B}.Debug|x64.ActiveCfg = Debug|x64
		{403A82DA-2AEA-48DF-9FDA-0B90A39CAA2B}.Debug|x64.Build.0 = Debug|x64
		{403A82DA-2AEA-48DF-9FDA-0B90A39CAA2B}.Debug|x86.ActiveCfg = Debug|Win32
		{403A82DA-2AEA-48DF-9FDA-0B90A39CAA2B}.Debug|x86.Build.0 = Debug|Win32
		{403A82DA-2AEA-48DF-9FDA-0B90A39CAA2B}.Release|x64.ActiveCfg = Release|x64
		{403A82DA-2AEA-48DF-9FDA-0B90A39CAA2B}.Release|x64.Build.0 = Release|x64
		{403A82DA-2AEA-48DF-9FDA-0B90A39CAA2B}.Release|x86.ActiveCfg = Release|Win32
		{403A82DA-2AEA-48DF-9FDA-0B90A39CAA2B}.Release|x86.Build.0 = Release|Win32
	EndGlobalSection
	GlobalSection(SolutionProperties) = preSolution
		HideSolutionNode = FALSE
	EndGlobalSection
	GlobalSection(ExtensibilityGlobals) = postSolution
		SolutionGuid = {AC26F786-D7E5-4610-8E84-A638726E6BA7}
	EndGlobalSection
EndGlobal
